
Microsoft Visual Studio Solution File, Format Version 12.00
# Visual Studio Version 16
VisualStudioVersion = 16.0.30413.136
MinimumVisualStudioVersion = 10.0.40219.1
Project("{888888A0-9F3D-457C-B088-3A5042F75D52}") = "ESP_CodeFix", "ESP_CodeFix\ESP_CodeFix.pyproj", "{BBA8CAD1-FF9D-418C-BBDF-5B32F27C6F95}"
EndProject
Global
	GlobalSection(SolutionConfigurationPlatforms) = preSolution
		Debug|Any CPU = Debug|Any CPU
		Release|Any CPU = Release|Any CPU
	EndGlobalSection
	GlobalSection(ProjectConfigurationPlatforms) = postSolution
		{BBA8CAD1-FF9D-418C-BBDF-5B32F27C6F95}.Debug|Any CPU.ActiveCfg = Debug|Any CPU
		{BBA8CAD1-FF9D-418C-BBDF-5B32F27C6F95}.Release|Any CPU.ActiveCfg = Release|Any CPU
	EndGlobalSection
	GlobalSection(SolutionProperties) = preSolution
		HideSolutionNode = FALSE
	EndGlobalSection
	GlobalSection(ExtensibilityGlobals) = postSolution
		SolutionGuid = {E0359AA5-D8B5-4789-8E7B-5E8339AEC12E}
	EndGlobalSection
EndGlobal
